
Microsoft Visual Studio Solution File, Format Version 12.00
# Visual Studio Version 17
VisualStudioVersion = 17.13.35931.197 d17.13
MinimumVisualStudioVersion = 10.0.40219.1
Project("{FAE04EC0-301F-11D3-BF4B-00C04F79EFBC}") = "PruebaProgresoII", "PruebaProgresoII\PruebaProgresoII.csproj", "{A626AECF-964A-4044-B88C-37C7411B604F}"
EndProject
Global
	GlobalSection(SolutionConfigurationPlatforms) = preSolution
		Debug|Any CPU = Debug|Any CPU
		Release|Any CPU = Release|Any CPU
	EndGlobalSection
	GlobalSection(ProjectConfigurationPlatforms) = postSolution
		{A626AECF-964A-4044-B88C-37C7411B604F}.Debug|Any CPU.ActiveCfg = Debug|Any CPU
		{A626AECF-964A-4044-B88C-37C7411B604F}.Debug|Any CPU.Build.0 = Debug|Any CPU
		{A626AECF-964A-4044-B88C-37C7411B604F}.Debug|Any CPU.Deploy.0 = Debug|Any CPU
		{A626AECF-964A-4044-B88C-37C7411B604F}.Release|Any CPU.ActiveCfg = Release|Any CPU
		{A626AECF-964A-4044-B88C-37C7411B604F}.Release|Any CPU.Build.0 = Release|Any CPU
		{A626AECF-964A-4044-B88C-37C7411B604F}.Release|Any CPU.Deploy.0 = Release|Any CPU
	EndGlobalSection
	GlobalSection(SolutionProperties) = preSolution
		HideSolutionNode = FALSE
	EndGlobalSection
	GlobalSection(ExtensibilityGlobals) = postSolution
		SolutionGuid = {3F32C591-CADC-4543-B118-E88CDA41C8E7}
	EndGlobalSection
EndGlobal
